PODS:
  - IRFFMpeg (4.2.19):
    - IRFFMpeg/FFMpegLib (= 4.2.19)
  - IRFFMpeg/FFMpegLib (4.2.19)
  - IRPlayer (0.3.5):
    - IRFFMpeg

DEPENDENCIES:
  - IRPlayer

SPEC REPOS:
  trunk:
    - IRFFMpeg
    - IRPlayer

SPEC CHECKSUMS:
  IRFFMpeg: 50e159994f9c7c1136b19fc1dea96b4c903b1c9c
  IRPlayer: 1448253d7c87c9cbdd7bd288d8a0edbdd17494a6

PODFILE CHECKSUM: a00179cef3877fe03e533390d029ebe7f60b2bd2

COCOAPODS: 1.8.0.beta.2
